
Microsoft Visual Studio Solution File, Format Version 12.00
Project("{FAE04EC0-301F-11D3-BF4B-00C04F79EFBC}") = "Listing5-2", "Listing5-2\Listing5-2.csproj", "{B1BB1591-7217-4C6D-9C08-8D39A52ED667}"
EndProject
Project("{FAE04EC0-301F-11D3-BF4B-00C04F79EFBC}") = "Listing5-4", "Listing5-4\Listing5-4.csproj", "{8E958A32-ABA3-4768-BFAB-E634B4DFD2B2}"
EndProject
Project("{FAE04EC0-301F-11D3-BF4B-00C04F79EFBC}") = "Listing5-6", "Listing5-6\Listing5-6.csproj", "{05749A5B-A496-40FB-85FB-31A3A02D9D33}"
EndProject
Project("{F2A71F9B-5D33-465A-A702-920D77279786}") = "Listing5-7", "Listing5-7\Listing5-7.fsproj", "{8EE38825-984F-4274-B0BB-8F4CD9ACAC52}"
EndProject
Project("{FAE04EC0-301F-11D3-BF4B-00C04F79EFBC}") = "Listing5-13", "Listing5-13\Listing5-13.csproj", "{5E6C9A8C-B005-4F33-AC71-5A41167C8857}"
EndProject
Project("{FAE04EC0-301F-11D3-BF4B-00C04F79EFBC}") = "Listing5-14", "Listing5-14\Listing5-14.csproj", "{A7230526-AA1E-45DD-B2FC-C0C0AB957805}"
EndProject
Project("{F2A71F9B-5D33-465A-A702-920D77279786}") = "Listing5-15", "Listing5-15\Listing5-15.fsproj", "{17B16BF3-A782-46F1-8365-16CF15360CD8}"
EndProject
Project("{FAE04EC0-301F-11D3-BF4B-00C04F79EFBC}") = "Listing5-16", "Listing5-16\Listing5-16.csproj", "{227A53A8-9804-48A3-B1CF-33F3EA4EED10}"
EndProject
Project("{F2A71F9B-5D33-465A-A702-920D77279786}") = "Listing5-17", "Listing5-17\Listing5-17.fsproj", "{D7087228-0FFD-4158-8B1A-65B6626B6636}"
EndProject
Project("{FAE04EC0-301F-11D3-BF4B-00C04F79EFBC}") = "Listing5-18", "Listing5-18\Listing5-18.csproj", "{72813735-8221-4D28-8366-EF508EA5CF30}"
EndProject
Project("{FAE04EC0-301F-11D3-BF4B-00C04F79EFBC}") = "Listing5-19", "Listing5-19\Listing5-19.csproj", "{B5D5A5E2-05BF-4485-A77E-9EFA70B44714}"
EndProject
Project("{FAE04EC0-301F-11D3-BF4B-00C04F79EFBC}") = "Listing5-20", "Listing5-20\Listing5-20.csproj", "{A25A2F8D-DD7C-4A38-842D-A56EA73A034B}"
EndProject
Project("{FAE04EC0-301F-11D3-BF4B-00C04F79EFBC}") = "Listing5-21", "Listing5-21\Listing5-21.csproj", "{9246D136-A5ED-43C6-8F0B-8274085A0D41}"
EndProject
Project("{FAE04EC0-301F-11D3-BF4B-00C04F79EFBC}") = "Listing5-22", "Listing5-22\Listing5-22.csproj", "{BCD116E5-9718-40A7-9B01-3D5B788BC1C1}"
EndProject
Project("{FAE04EC0-301F-11D3-BF4B-00C04F79EFBC}") = "Listing5-23", "Listing5-23\Listing5-23.csproj", "{FEE8CD9D-2AA8-4917-B09F-8988D279597E}"
EndProject
Project("{FAE04EC0-301F-11D3-BF4B-00C04F79EFBC}") = "Listing5-24", "Listing5-24\Listing5-24.csproj", "{4E60152C-2FC6-440D-B5A3-7FAE85A06C84}"
EndProject
Project("{F2A71F9B-5D33-465A-A702-920D77279786}") = "Listing5-25", "Listing5-25\Listing5-25.fsproj", "{4674AABC-89CE-4A8C-8B1E-6CD76793188D}"
EndProject
Global
	GlobalSection(SolutionConfigurationPlatforms) = preSolution
		Debug|Any CPU = Debug|Any CPU
		Release|Any CPU = Release|Any CPU
	EndGlobalSection
	GlobalSection(ProjectConfigurationPlatforms) = postSolution
		{B1BB1591-7217-4C6D-9C08-8D39A52ED667}.Debug|Any CPU.ActiveCfg = Debug|Any CPU
		{B1BB1591-7217-4C6D-9C08-8D39A52ED667}.Debug|Any CPU.Build.0 = Debug|Any CPU
		{B1BB1591-7217-4C6D-9C08-8D39A52ED667}.Release|Any CPU.ActiveCfg = Release|Any CPU
		{B1BB1591-7217-4C6D-9C08-8D39A52ED667}.Release|Any CPU.Build.0 = Release|Any CPU
		{8E958A32-ABA3-4768-BFAB-E634B4DFD2B2}.Debug|Any CPU.ActiveCfg = Debug|Any CPU
		{8E958A32-ABA3-4768-BFAB-E634B4DFD2B2}.Debug|Any CPU.Build.0 = Debug|Any CPU
		{8E958A32-ABA3-4768-BFAB-E634B4DFD2B2}.Release|Any CPU.ActiveCfg = Release|Any CPU
		{8E958A32-ABA3-4768-BFAB-E634B4DFD2B2}.Release|Any CPU.Build.0 = Release|Any CPU
		{05749A5B-A496-40FB-85FB-31A3A02D9D33}.Debug|Any CPU.ActiveCfg = Debug|Any CPU
		{05749A5B-A496-40FB-85FB-31A3A02D9D33}.Debug|Any CPU.Build.0 = Debug|Any CPU
		{05749A5B-A496-40FB-85FB-31A3A02D9D33}.Release|Any CPU.ActiveCfg = Release|Any CPU
		{05749A5B-A496-40FB-85FB-31A3A02D9D33}.Release|Any CPU.Build.0 = Release|Any CPU
		{8EE38825-984F-4274-B0BB-8F4CD9ACAC52}.Debug|Any CPU.ActiveCfg = Debug|Any CPU
		{8EE38825-984F-4274-B0BB-8F4CD9ACAC52}.Debug|Any CPU.Build.0 = Debug|Any CPU
		{8EE38825-984F-4274-B0BB-8F4CD9ACAC52}.Release|Any CPU.ActiveCfg = Release|Any CPU
		{8EE38825-984F-4274-B0BB-8F4CD9ACAC52}.Release|Any CPU.Build.0 = Release|Any CPU
		{5E6C9A8C-B005-4F33-AC71-5A41167C8857}.Debug|Any CPU.ActiveCfg = Debug|Any CPU
		{5E6C9A8C-B005-4F33-AC71-5A41167C8857}.Debug|Any CPU.Build.0 = Debug|Any CPU
		{5E6C9A8C-B005-4F33-AC71-5A41167C8857}.Release|Any CPU.ActiveCfg = Release|Any CPU
		{5E6C9A8C-B005-4F33-AC71-5A41167C8857}.Release|Any CPU.Build.0 = Release|Any CPU
		{A7230526-AA1E-45DD-B2FC-C0C0AB957805}.Debug|Any CPU.ActiveCfg = Debug|Any CPU
		{A7230526-AA1E-45DD-B2FC-C0C0AB957805}.Debug|Any CPU.Build.0 = Debug|Any CPU
		{A7230526-AA1E-45DD-B2FC-C0C0AB957805}.Release|Any CPU.ActiveCfg = Release|Any CPU
		{A7230526-AA1E-45DD-B2FC-C0C0AB957805}.Release|Any CPU.Build.0 = Release|Any CPU
		{17B16BF3-A782-46F1-8365-16CF15360CD8}.Debug|Any CPU.ActiveCfg = Debug|Any CPU
		{17B16BF3-A782-46F1-8365-16CF15360CD8}.Debug|Any CPU.Build.0 = Debug|Any CPU
		{17B16BF3-A782-46F1-8365-16CF15360CD8}.Release|Any CPU.ActiveCfg = Release|Any CPU
		{17B16BF3-A782-46F1-8365-16CF15360CD8}.Release|Any CPU.Build.0 = Release|Any CPU
		{227A53A8-9804-48A3-B1CF-33F3EA4EED10}.Debug|Any CPU.ActiveCfg = Debug|Any CPU
		{227A53A8-9804-48A3-B1CF-33F3EA4EED10}.Debug|Any CPU.Build.0 = Debug|Any CPU
		{227A53A8-9804-48A3-B1CF-33F3EA4EED10}.Release|Any CPU.ActiveCfg = Release|Any CPU
		{227A53A8-9804-48A3-B1CF-33F3EA4EED10}.Release|Any CPU.Build.0 = Release|Any CPU
		{D7087228-0FFD-4158-8B1A-65B6626B6636}.Debug|Any CPU.ActiveCfg = Debug|Any CPU
		{D7087228-0FFD-4158-8B1A-65B6626B6636}.Debug|Any CPU.Build.0 = Debug|Any CPU
		{D7087228-0FFD-4158-8B1A-65B6626B6636}.Release|Any CPU.ActiveCfg = Release|Any CPU
		{D7087228-0FFD-4158-8B1A-65B6626B6636}.Release|Any CPU.Build.0 = Release|Any CPU
		{72813735-8221-4D28-8366-EF508EA5CF30}.Debug|Any CPU.ActiveCfg = Debug|Any CPU
		{72813735-8221-4D28-8366-EF508EA5CF30}.Debug|Any CPU.Build.0 = Debug|Any CPU
		{72813735-8221-4D28-8366-EF508EA5CF30}.Release|Any CPU.ActiveCfg = Release|Any CPU
		{72813735-8221-4D28-8366-EF508EA5CF30}.Release|Any CPU.Build.0 = Release|Any CPU
		{B5D5A5E2-05BF-4485-A77E-9EFA70B44714}.Debug|Any CPU.ActiveCfg = Debug|Any CPU
		{B5D5A5E2-05BF-4485-A77E-9EFA70B44714}.Debug|Any CPU.Build.0 = Debug|Any CPU
		{B5D5A5E2-05BF-4485-A77E-9EFA70B44714}.Release|Any CPU.ActiveCfg = Release|Any CPU
		{B5D5A5E2-05BF-4485-A77E-9EFA70B44714}.Release|Any CPU.Build.0 = Release|Any CPU
		{A25A2F8D-DD7C-4A38-842D-A56EA73A034B}.Debug|Any CPU.ActiveCfg = Debug|Any CPU
		{A25A2F8D-DD7C-4A38-842D-A56EA73A034B}.Debug|Any CPU.Build.0 = Debug|Any CPU
		{A25A2F8D-DD7C-4A38-842D-A56EA73A034B}.Release|Any CPU.ActiveCfg = Release|Any CPU
		{A25A2F8D-DD7C-4A38-842D-A56EA73A034B}.Release|Any CPU.Build.0 = Release|Any CPU
		{9246D136-A5ED-43C6-8F0B-8274085A0D41}.Debug|Any CPU.ActiveCfg = Debug|Any CPU
		{9246D136-A5ED-43C6-8F0B-8274085A0D41}.Debug|Any CPU.Build.0 = Debug|Any CPU
		{9246D136-A5ED-43C6-8F0B-8274085A0D41}.Release|Any CPU.ActiveCfg = Release|Any CPU
		{9246D136-A5ED-43C6-8F0B-8274085A0D41}.Release|Any CPU.Build.0 = Release|Any CPU
		{BCD116E5-9718-40A7-9B01-3D5B788BC1C1}.Debug|Any CPU.ActiveCfg = Debug|Any CPU
		{BCD116E5-9718-40A7-9B01-3D5B788BC1C1}.Debug|Any CPU.Build.0 = Debug|Any CPU
		{BCD116E5-9718-40A7-9B01-3D5B788BC1C1}.Release|Any CPU.ActiveCfg = Release|Any CPU
		{BCD116E5-9718-40A7-9B01-3D5B788BC1C1}.Release|Any CPU.Build.0 = Release|Any CPU
		{FEE8CD9D-2AA8-4917-B09F-8988D279597E}.Debug|Any CPU.ActiveCfg = Debug|Any CPU
		{FEE8CD9D-2AA8-4917-B09F-8988D279597E}.Debug|Any CPU.Build.0 = Debug|Any CPU
		{FEE8CD9D-2AA8-4917-B09F-8988D279597E}.Release|Any CPU.ActiveCfg = Release|Any CPU
		{FEE8CD9D-2AA8-4917-B09F-8988D279597E}.Release|Any CPU.Build.0 = Release|Any CPU
		{4E60152C-2FC6-440D-B5A3-7FAE85A06C84}.Debug|Any CPU.ActiveCfg = Debug|Any CPU
		{4E60152C-2FC6-440D-B5A3-7FAE85A06C84}.Debug|Any CPU.Build.0 = Debug|Any CPU
		{4E60152C-2FC6-440D-B5A3-7FAE85A06C84}.Release|Any CPU.ActiveCfg = Release|Any CPU
		{4E60152C-2FC6-440D-B5A3-7FAE85A06C84}.Release|Any CPU.Build.0 = Release|Any CPU
		{4674AABC-89CE-4A8C-8B1E-6CD76793188D}.Debug|Any CPU.ActiveCfg = Debug|Any CPU
		{4674AABC-89CE-4A8C-8B1E-6CD76793188D}.Debug|Any CPU.Build.0 = Debug|Any CPU
		{4674AABC-89CE-4A8C-8B1E-6CD76793188D}.Release|Any CPU.ActiveCfg = Release|Any CPU
		{4674AABC-89CE-4A8C-8B1E-6CD76793188D}.Release|Any CPU.Build.0 = Release|Any CPU
	EndGlobalSection
EndGlobal
