
Microsoft Visual Studio Solution File, Format Version 12.00
Project("{FAE04EC0-301F-11D3-BF4B-00C04F79EFBC}") = "Listing11-5", "Listing11-5\Listing11-5.csproj", "{655EAFDC-7221-4637-AF20-7FAFAD720AA1}"
EndProject
Project("{F2A71F9B-5D33-465A-A702-920D77279786}") = "Listing11-6", "Listing11-6\Listing11-6.fsproj", "{5B62BE84-2B3A-4E34-94AF-FAFB26F5A291}"
EndProject
Global
	GlobalSection(SolutionConfigurationPlatforms) = preSolution
		Debug|Any CPU = Debug|Any CPU
		Release|Any CPU = Release|Any CPU
	EndGlobalSection
	GlobalSection(ProjectConfigurationPlatforms) = postSolution
		{655EAFDC-7221-4637-AF20-7FAFAD720AA1}.Debug|Any CPU.ActiveCfg = Debug|Any CPU
		{655EAFDC-7221-4637-AF20-7FAFAD720AA1}.Debug|Any CPU.Build.0 = Debug|Any CPU
		{655EAFDC-7221-4637-AF20-7FAFAD720AA1}.Release|Any CPU.ActiveCfg = Release|Any CPU
		{655EAFDC-7221-4637-AF20-7FAFAD720AA1}.Release|Any CPU.Build.0 = Release|Any CPU
		{5B62BE84-2B3A-4E34-94AF-FAFB26F5A291}.Debug|Any CPU.ActiveCfg = Debug|Any CPU
		{5B62BE84-2B3A-4E34-94AF-FAFB26F5A291}.Debug|Any CPU.Build.0 = Debug|Any CPU
		{5B62BE84-2B3A-4E34-94AF-FAFB26F5A291}.Release|Any CPU.ActiveCfg = Release|Any CPU
		{5B62BE84-2B3A-4E34-94AF-FAFB26F5A291}.Release|Any CPU.Build.0 = Release|Any CPU
	EndGlobalSection
EndGlobal
